
Microsoft Visual Studio Solution File, Format Version 12.00
# Visual Studio Version 17
VisualStudioVersion = 17.8.34511.84
MinimumVisualStudioVersion = 10.0.40219.1
Project("{FAE04EC0-301F-11D3-BF4B-00C04F79EFBC}") = "BookManager", "BookManager\BookManager.csproj", "{4D03B6F9-D986-4ACA-BFA4-1BD62209EE07}"
EndProject
Project("{FAE04EC0-301F-11D3-BF4B-00C04F79EFBC}") = "BookManager.Application", "BookManager.Application\BookManager.Application.csproj", "{C8BD7EE9-9B03-42DC-AEFF-33E752BC0C45}"
EndProject
Project("{FAE04EC0-301F-11D3-BF4B-00C04F79EFBC}") = "BookManager.Core", "BookManager.Core\BookManager.Core.csproj", "{F7CB5EB0-B627-4D79-B245-25D0F93C71B5}"
EndProject
Project("{FAE04EC0-301F-11D3-BF4B-00C04F79EFBC}") = "BookManager.Infrastructure", "BookManager.Infrastructure\BookManager.Infrastructure.csproj", "{4542AC3F-06A7-493F-82B9-FC91C5B9C227}"
EndProject
Global
	GlobalSection(SolutionConfigurationPlatforms) = preSolution
		Debug|Any CPU = Debug|Any CPU
		Release|Any CPU = Release|Any CPU
	EndGlobalSection
	GlobalSection(ProjectConfigurationPlatforms) = postSolution
		{4D03B6F9-D986-4ACA-BFA4-1BD62209EE07}.Debug|Any CPU.ActiveCfg = Debug|Any CPU
		{4D03B6F9-D986-4ACA-BFA4-1BD62209EE07}.Debug|Any CPU.Build.0 = Debug|Any CPU
		{4D03B6F9-D986-4ACA-BFA4-1BD62209EE07}.Release|Any CPU.ActiveCfg = Release|Any CPU
		{4D03B6F9-D986-4ACA-BFA4-1BD62209EE07}.Release|Any CPU.Build.0 = Release|Any CPU
		{C8BD7EE9-9B03-42DC-AEFF-33E752BC0C45}.Debug|Any CPU.ActiveCfg = Debug|Any CPU
		{C8BD7EE9-9B03-42DC-AEFF-33E752BC0C45}.Debug|Any CPU.Build.0 = Debug|Any CPU
		{C8BD7EE9-9B03-42DC-AEFF-33E752BC0C45}.Release|Any CPU.ActiveCfg = Release|Any CPU
		{C8BD7EE9-9B03-42DC-AEFF-33E752BC0C45}.Release|Any CPU.Build.0 = Release|Any CPU
		{F7CB5EB0-B627-4D79-B245-25D0F93C71B5}.Debug|Any CPU.ActiveCfg = Debug|Any CPU
		{F7CB5EB0-B627-4D79-B245-25D0F93C71B5}.Debug|Any CPU.Build.0 = Debug|Any CPU
		{F7CB5EB0-B627-4D79-B245-25D0F93C71B5}.Release|Any CPU.ActiveCfg = Release|Any CPU
		{F7CB5EB0-B627-4D79-B245-25D0F93C71B5}.Release|Any CPU.Build.0 = Release|Any CPU
		{4542AC3F-06A7-493F-82B9-FC91C5B9C227}.Debug|Any CPU.ActiveCfg = Debug|Any CPU
		{4542AC3F-06A7-493F-82B9-FC91C5B9C227}.Debug|Any CPU.Build.0 = Debug|Any CPU
		{4542AC3F-06A7-493F-82B9-FC91C5B9C227}.Release|Any CPU.ActiveCfg = Release|Any CPU
		{4542AC3F-06A7-493F-82B9-FC91C5B9C227}.Release|Any CPU.Build.0 = Release|Any CPU
	EndGlobalSection
	GlobalSection(SolutionProperties) = preSolution
		HideSolutionNode = FALSE
	EndGlobalSection
	GlobalSection(ExtensibilityGlobals) = postSolution
		SolutionGuid = {A2CC8662-705B-4C78-8C6F-15AF4357C5F1}
	EndGlobalSection
EndGlobal
